
Microsoft Visual Studio Solution File, Format Version 12.00
# Visual Studio Version 17
VisualStudioVersion = 17.0.32014.148
MinimumVisualStudioVersion = 10.0.40219.1
Project("{FAE04EC0-301F-11D3-BF4B-00C04F79EFBC}") = "WebApi1", "WebApi1\WebApi1.csproj", "{087BF878-A8FD-4516-85B0-17F0F4932EF7}"
EndProject
Global
	GlobalSection(SolutionConfigurationPlatforms) = preSolution
		Debug|Any CPU = Debug|Any CPU
		Release|Any CPU = Release|Any CPU
	EndGlobalSection
	GlobalSection(ProjectConfigurationPlatforms) = postSolution
		{087BF878-A8FD-4516-85B0-17F0F4932EF7}.Debug|Any CPU.ActiveCfg = Debug|Any CPU
		{087BF878-A8FD-4516-85B0-17F0F4932EF7}.Debug|Any CPU.Build.0 = Debug|Any CPU
		{087BF878-A8FD-4516-85B0-17F0F4932EF7}.Release|Any CPU.ActiveCfg = Release|Any CPU
		{087BF878-A8FD-4516-85B0-17F0F4932EF7}.Release|Any CPU.Build.0 = Release|Any CPU
	EndGlobalSection
	GlobalSection(SolutionProperties) = preSolution
		HideSolutionNode = FALSE
	EndGlobalSection
	GlobalSection(ExtensibilityGlobals) = postSolution
		SolutionGuid = {432B81C8-E2CA-4DF3-B1AE-489637B1BE71}
	EndGlobalSection
EndGlobal
